#MicroXplorer Configuration settings - do not modify
Mcu.Family=STM32F4
NVIC.USART3_IRQn=true\:0\:0\:false\:false\:true\:true\:true
ProjectManager.MainLocation=Core/Src
TIM8.Slave_TriggerFilter=15
PH0-OSC_IN.Signal=RCC_OSC_IN
USART2.IPParameters=VirtualMode
RCC.CortexFreq_Value=168000000
ProjectManager.KeepUserCode=true
Mcu.UserName=STM32F407VETx
PB10.Mode=Asynchronous
TIM1.IPParameters=Prescaler,Slave_TriggerFilter
RCC.PLLCLKFreq_Value=168000000
RCC.PLLQCLKFreq_Value=84000000
ProjectManager.functionlistsort=1-MX_GPIO_Init-GPIO-false-HAL-true,2-SystemClock_Config-RCC-false-HAL-true,3-MX_I2C1_Init-I2C1-false-HAL-true,4-MX_TIM1_Init-TIM1-false-HAL-true,5-MX_TIM2_Init-TIM2-false-HAL-true,6-MX_USART2_UART_Init-USART2-false-HAL-true,7-MX_TIM3_Init-TIM3-false-HAL-true,8-MX_TIM8_Init-TIM8-false-HAL-true,9-MX_USART3_UART_Init-USART3-false-HAL-true
RCC.RTCFreq_Value=32000
SH.S_TIM1_CH1.ConfNb=1
USART1.IPParameters=VirtualMode
PB11.Signal=USART3_RX
VP_TIM8_VS_ClockSourceINT.Signal=TIM8_VS_ClockSourceINT
PinOutPanel.RotationAngle=0
VP_TIM1_VS_ControllerModeGated.Mode=Gated Mode
RCC.SYSCLKSource=RCC_SYSCLKSOURCE_PLLCLK
ProjectManager.StackSize=0x400
PD13.Signal=GPIO_Output
Mcu.IP4=TIM1
RCC.FCLKCortexFreq_Value=168000000
Mcu.IP5=TIM2
PD13.Locked=true
NVIC.SVCall_IRQn=true\:0\:0\:false\:false\:true\:false\:false
Mcu.IP2=RCC
Mcu.IP3=SYS
Mcu.IP0=I2C1
Mcu.IP1=NVIC
TIM1.Prescaler=167
Mcu.UserConstants=
Mcu.ThirdPartyNb=0
RCC.HCLKFreq_Value=168000000
Mcu.IPNb=11
RCC.I2SClocksFreq_Value=192000000
TIM2.IPParameters=Prescaler,Period
ProjectManager.PreviousToolchain=
RCC.APB2TimFreq_Value=168000000
TIM3.Period=9
PB6.Signal=I2C1_SCL
RCC.VcooutputI2S=192000000
PB6.Mode=I2C
Mcu.Pin6=PE9
VP_TIM2_VS_ClockSourceINT.Signal=TIM2_VS_ClockSourceINT
Mcu.Pin7=PB10
Mcu.Pin8=PB11
Mcu.Pin9=PD9
RCC.AHBFreq_Value=168000000
PH0-OSC_IN.Mode=HSE-External-Oscillator
Mcu.Pin0=PH0-OSC_IN
Mcu.Pin1=PH1-OSC_OUT
TIM8.IPParameters=Prescaler,Slave_TriggerFilter
GPIO.groupedBy=Group By Peripherals
Mcu.Pin2=PA0-WKUP
Mcu.Pin3=PA1
Mcu.Pin4=PA2
Mcu.Pin5=PA3
ProjectManager.ProjectBuild=false
NVIC.TIM1_TRG_COM_TIM11_IRQn=true\:0\:0\:false\:false\:true\:true\:true
RCC.HSE_VALUE=8000000
NVIC.UsageFault_IRQn=true\:0\:0\:false\:false\:true\:false\:false
NVIC.DebugMonitor_IRQn=true\:0\:0\:false\:false\:true\:false\:false
NVIC.TIM8_TRG_COM_TIM14_IRQn=true\:0\:0\:false\:false\:true\:true\:true
Mcu.IP10=USART3
NVIC.SysTick_IRQn=true\:0\:0\:false\:false\:true\:false\:true
ProjectManager.FirmwarePackage=STM32Cube FW_F4 V1.25.2
MxDb.Version=DB.6.0.0
ProjectManager.BackupPrevious=false
RCC.VCOInputFreq_Value=2000000
PE9.Signal=S_TIM1_CH1
TIM3.Prescaler=83
NVIC.TIM2_IRQn=true\:0\:0\:false\:false\:true\:true\:true
File.Version=6
PB7.Signal=I2C1_SDA
NVIC.PendSV_IRQn=true\:0\:0\:false\:false\:true\:false\:false
ProjectManager.HalAssertFull=false
VP_TIM1_VS_ClockSourceINT.Mode=Internal
SH.S_TIM8_CH1.ConfNb=1
ProjectManager.ProjectName=test4
PH1-OSC_OUT.Mode=HSE-External-Oscillator
RCC.MCO2PinFreq_Value=168000000
Mcu.Package=LQFP100
TIM2.Prescaler=83
USART2.VirtualMode=VM_ASYNC
VP_TIM8_VS_ControllerModeGated.Signal=TIM8_VS_ControllerModeGated
PD12.Signal=GPIO_Output
ProjectManager.ToolChainLocation=
PD14.Locked=true
VP_TIM8_VS_ControllerModeGated.Mode=Gated Mode
RCC.LSI_VALUE=32000
VP_SYS_VS_Systick.Signal=SYS_VS_Systick
USART3.IPParameters=VirtualMode
PA10.Signal=USART1_RX
TIM8.Prescaler=167
RCC.APB2CLKDivider=RCC_HCLK_DIV2
VP_TIM1_VS_ControllerModeGated.Signal=TIM1_VS_ControllerModeGated
RCC.APB1TimFreq_Value=84000000
NVIC.BusFault_IRQn=true\:0\:0\:false\:false\:true\:false\:false
PD15.Signal=GPIO_Output
ProjectManager.CustomerFirmwarePackage=
VP_TIM3_VS_ClockSourceINT.Mode=Internal
PA3.Signal=USART2_RX
RCC.PLLSourceVirtual=RCC_PLLSOURCE_HSE
ProjectManager.ProjectFileName=test4.ioc
PA10.Mode=Asynchronous
Mcu.PinsNb=27
ProjectManager.NoMain=false
PC6.Signal=S_TIM8_CH1
ProjectManager.DefaultFWLocation=true
PD9.Signal=GPIO_Output
ProjectManager.DeletePrevious=true
RCC.APB1CLKDivider=RCC_HCLK_DIV4
RCC.FamilyName=M
PA0-WKUP.Signal=USART2_CTS
PD12.Locked=true
PD10.Signal=GPIO_Output
PA0-WKUP.Mode=CTS_RTS
PA3.Mode=Asynchronous
PA9.Mode=Asynchronous
SH.S_TIM1_CH1.0=TIM1_CH1,TriggerSource_TI1FP1
PB11.Mode=Asynchronous
ProjectManager.TargetToolchain=MDK-ARM V5.27
PA9.Signal=USART1_TX
VP_TIM1_VS_ClockSourceINT.Signal=TIM1_VS_ClockSourceINT
VP_TIM8_VS_ClockSourceINT.Mode=Internal
ProjectManager.RegisterCallBack=
VP_TIM3_VS_ClockSourceINT.Signal=TIM3_VS_ClockSourceINT
RCC.LSE_VALUE=32768
PA1.Signal=USART2_RTS
PB10.Signal=USART3_TX
RCC.VCOI2SOutputFreq_Value=384000000
SH.S_TIM8_CH1.0=TIM8_CH1,TriggerSource_TI1FP1
board=custom
RCC.VCOOutputFreq_Value=336000000
ProjectManager.LastFirmware=true
NVIC.TIM3_IRQn=true\:0\:0\:false\:false\:true\:true\:true
RCC.APB2Freq_Value=84000000
PA1.Mode=CTS_RTS
MxCube.Version=6.0.1
VP_TIM2_VS_ClockSourceINT.Mode=Internal
VP_SYS_VS_Systick.Mode=SysTick
RCC.EthernetFreq_Value=168000000
TIM3.IPParameters=Prescaler,Period
PH1-OSC_OUT.Signal=RCC_OSC_OUT
NVIC.NonMaskableInt_IRQn=true\:0\:0\:false\:false\:true\:false\:false
TIM2.Period=9
ProjectManager.FreePins=false
RCC.IPParameters=48MHZClocksFreq_Value,AHBFreq_Value,APB1CLKDivider,APB1Freq_Value,APB1TimFreq_Value,APB2CLKDivider,APB2Freq_Value,APB2TimFreq_Value,CortexFreq_Value,EthernetFreq_Value,FCLKCortexFreq_Value,FamilyName,HCLKFreq_Value,HSE_VALUE,HSI_VALUE,I2SClocksFreq_Value,LSE_VALUE,LSI_VALUE,MCO2PinFreq_Value,PLLCLKFreq_Value,PLLM,PLLN,PLLQCLKFreq_Value,PLLSourceVirtual,RTCFreq_Value,RTCHSEDivFreq_Value,SYSCLKFreq_VALUE,SYSCLKSource,VCOI2SOutputFreq_Value,VCOInputFreq_Value,VCOOutputFreq_Value,VcooutputI2S
ProjectManager.AskForMigrate=true
Mcu.Name=STM32F407V(E-G)Tx
Mcu.Pin26=VP_TIM8_VS_ClockSourceINT
RCC.RTCHSEDivFreq_Value=4000000
Mcu.Pin24=VP_TIM3_VS_ClockSourceINT
PA2.Signal=USART2_TX
ProjectManager.UnderRoot=false
Mcu.Pin25=VP_TIM8_VS_ControllerModeGated
Mcu.IP8=USART1
Mcu.IP9=USART2
PD14.Signal=GPIO_Output
Mcu.IP6=TIM3
TIM1.Slave_TriggerFilter=15
Mcu.IP7=TIM8
ProjectManager.CoupleFile=true
RCC.48MHZClocksFreq_Value=84000000
RCC.SYSCLKFreq_VALUE=168000000
Mcu.Pin22=VP_TIM1_VS_ClockSourceINT
Mcu.Pin23=VP_TIM2_VS_ClockSourceINT
Mcu.Pin20=VP_SYS_VS_Systick
Mcu.Pin21=VP_TIM1_VS_ControllerModeGated
PD10.Locked=true
NVIC.ForceEnableDMAVector=true
KeepUserPlacement=false
USART3.VirtualMode=VM_ASYNC
NVIC.MemoryManagement_IRQn=true\:0\:0\:false\:false\:true\:false\:false
USART1.VirtualMode=VM_ASYNC
ProjectManager.CompilerOptimize=6
PD15.Locked=true
PB7.Mode=I2C
ProjectManager.HeapSize=0x200
Mcu.Pin15=PC6
NVIC.HardFault_IRQn=true\:0\:0\:false\:false\:true\:false\:false
Mcu.Pin16=PA9
Mcu.Pin13=PD14
Mcu.Pin14=PD15
Mcu.Pin19=PB7
NVIC.TIM1_UP_TIM10_IRQn=true\:0\:0\:false\:false\:true\:true\:true
ProjectManager.ComputerToolchain=false
Mcu.Pin17=PA10
RCC.HSI_VALUE=16000000
Mcu.Pin18=PB6
NVIC.TIM8_UP_TIM13_IRQn=true\:0\:0\:false\:false\:true\:true\:true
NVIC.PriorityGroup=NVIC_PRIORITYGROUP_4
Mcu.Pin11=PD12
Mcu.Pin12=PD13
RCC.PLLM=4
RCC.PLLN=168
Mcu.Pin10=PD10
PA2.Mode=Asynchronous
PD9.Locked=true
RCC.APB1Freq_Value=42000000
ProjectManager.DeviceId=STM32F407VETx
ProjectManager.LibraryCopy=0
